
Microsoft Visual Studio Solution File, Format Version 12.00
# Visual Studio Version 17
VisualStudioVersion = 17.3.32804.467
MinimumVisualStudioVersion = 10.0.40219.1
Project("{9A19103F-16F7-4668-BE54-9A1E7A4F7556}") = "AuthServer.API", "AuthServer.API\AuthServer.API.csproj", "{40B5EF45-6117-4AF7-9B11-447956E0D52C}"
EndProject
Project("{9A19103F-16F7-4668-BE54-9A1E7A4F7556}") = "AuthServer.Core", "AuthServer.Core\AuthServer.Core.csproj", "{D3C530FB-E870-4690-BBD2-6DB0C5B05208}"
EndProject
Project("{9A19103F-16F7-4668-BE54-9A1E7A4F7556}") = "AuthServer.Data", "AuthServer.Data\AuthServer.Data.csproj", "{C1461704-ADD5-4350-8F62-071B6A05021D}"
EndProject
Project("{9A19103F-16F7-4668-BE54-9A1E7A4F7556}") = "AuthServer.Service", "AuthServer.Service\AuthServer.Service.csproj", "{E57CCB41-DFE7-4199-A14D-B3A48654D3DD}"
EndProject
Project("{2150E333-8FDC-42A3-9474-1A3956D46DE8}") = "Solution Items", "Solution Items", "{EB6C03E8-6222-49BE-B014-656CC7BBF551}"
	ProjectSection(SolutionItems) = preProject
		Info.txt = Info.txt
	EndProjectSection
EndProject
Project("{9A19103F-16F7-4668-BE54-9A1E7A4F7556}") = "MiniApp1.API", "MiniApp1.API\MiniApp1.API.csproj", "{42B6D304-B62B-47D4-B350-28A5A39635FF}"
EndProject
Project("{9A19103F-16F7-4668-BE54-9A1E7A4F7556}") = "MiniApp2.API", "MiniApp2.API\MiniApp2.API.csproj", "{C2B91E60-889B-466D-82B2-6BEF1B8B1743}"
EndProject
Project("{9A19103F-16F7-4668-BE54-9A1E7A4F7556}") = "SharedLibrary", "SharedLibrary\SharedLibrary.csproj", "{DF6C32B6-CD3C-4546-A267-A18880068C88}"
EndProject
Project("{FAE04EC0-301F-11D3-BF4B-00C04F79EFBC}") = "MiniApp3.API", "MiniApp3.API\MiniApp3.API.csproj", "{A107EA47-C72F-4184-97F3-0C05AA11236A}"
EndProject
Global
	GlobalSection(SolutionConfigurationPlatforms) = preSolution
		Debug|Any CPU = Debug|Any CPU
		Release|Any CPU = Release|Any CPU
	EndGlobalSection
	GlobalSection(ProjectConfigurationPlatforms) = postSolution
		{40B5EF45-6117-4AF7-9B11-447956E0D52C}.Debug|Any CPU.ActiveCfg = Debug|Any CPU
		{40B5EF45-6117-4AF7-9B11-447956E0D52C}.Debug|Any CPU.Build.0 = Debug|Any CPU
		{40B5EF45-6117-4AF7-9B11-447956E0D52C}.Release|Any CPU.ActiveCfg = Release|Any CPU
		{40B5EF45-6117-4AF7-9B11-447956E0D52C}.Release|Any CPU.Build.0 = Release|Any CPU
		{D3C530FB-E870-4690-BBD2-6DB0C5B05208}.Debug|Any CPU.ActiveCfg = Debug|Any CPU
		{D3C530FB-E870-4690-BBD2-6DB0C5B05208}.Debug|Any CPU.Build.0 = Debug|Any CPU
		{D3C530FB-E870-4690-BBD2-6DB0C5B05208}.Release|Any CPU.ActiveCfg = Release|Any CPU
		{D3C530FB-E870-4690-BBD2-6DB0C5B05208}.Release|Any CPU.Build.0 = Release|Any CPU
		{C1461704-ADD5-4350-8F62-071B6A05021D}.Debug|Any CPU.ActiveCfg = Debug|Any CPU
		{C1461704-ADD5-4350-8F62-071B6A05021D}.Debug|Any CPU.Build.0 = Debug|Any CPU
		{C1461704-ADD5-4350-8F62-071B6A05021D}.Release|Any CPU.ActiveCfg = Release|Any CPU
		{C1461704-ADD5-4350-8F62-071B6A05021D}.Release|Any CPU.Build.0 = Release|Any CPU
		{E57CCB41-DFE7-4199-A14D-B3A48654D3DD}.Debug|Any CPU.ActiveCfg = Debug|Any CPU
		{E57CCB41-DFE7-4199-A14D-B3A48654D3DD}.Debug|Any CPU.Build.0 = Debug|Any CPU
		{E57CCB41-DFE7-4199-A14D-B3A48654D3DD}.Release|Any CPU.ActiveCfg = Release|Any CPU
		{E57CCB41-DFE7-4199-A14D-B3A48654D3DD}.Release|Any CPU.Build.0 = Release|Any CPU
		{42B6D304-B62B-47D4-B350-28A5A39635FF}.Debug|Any CPU.ActiveCfg = Debug|Any CPU
		{42B6D304-B62B-47D4-B350-28A5A39635FF}.Debug|Any CPU.Build.0 = Debug|Any CPU
		{42B6D304-B62B-47D4-B350-28A5A39635FF}.Release|Any CPU.ActiveCfg = Release|Any CPU
		{42B6D304-B62B-47D4-B350-28A5A39635FF}.Release|Any CPU.Build.0 = Release|Any CPU
		{C2B91E60-889B-466D-82B2-6BEF1B8B1743}.Debug|Any CPU.ActiveCfg = Debug|Any CPU
		{C2B91E60-889B-466D-82B2-6BEF1B8B1743}.Debug|Any CPU.Build.0 = Debug|Any CPU
		{C2B91E60-889B-466D-82B2-6BEF1B8B1743}.Release|Any CPU.ActiveCfg = Release|Any CPU
		{C2B91E60-889B-466D-82B2-6BEF1B8B1743}.Release|Any CPU.Build.0 = Release|Any CPU
		{DF6C32B6-CD3C-4546-A267-A18880068C88}.Debug|Any CPU.ActiveCfg = Debug|Any CPU
		{DF6C32B6-CD3C-4546-A267-A18880068C88}.Debug|Any CPU.Build.0 = Debug|Any CPU
		{DF6C32B6-CD3C-4546-A267-A18880068C88}.Release|Any CPU.ActiveCfg = Release|Any CPU
		{DF6C32B6-CD3C-4546-A267-A18880068C88}.Release|Any CPU.Build.0 = Release|Any CPU
		{A107EA47-C72F-4184-97F3-0C05AA11236A}.Debug|Any CPU.ActiveCfg = Debug|Any CPU
		{A107EA47-C72F-4184-97F3-0C05AA11236A}.Debug|Any CPU.Build.0 = Debug|Any CPU
		{A107EA47-C72F-4184-97F3-0C05AA11236A}.Release|Any CPU.ActiveCfg = Release|Any CPU
		{A107EA47-C72F-4184-97F3-0C05AA11236A}.Release|Any CPU.Build.0 = Release|Any CPU
	EndGlobalSection
	GlobalSection(SolutionProperties) = preSolution
		HideSolutionNode = FALSE
	EndGlobalSection
	GlobalSection(ExtensibilityGlobals) = postSolution
		SolutionGuid = {1F5DA918-4F29-4939-B1AE-5D4EB0136149}
	EndGlobalSection
EndGlobal
