
Microsoft Visual Studio Solution File, Format Version 12.00
# Visual Studio Version 17
VisualStudioVersion = 17.3.32804.467
MinimumVisualStudioVersion = 10.0.40219.1
Project("{FAE04EC0-301F-11D3-BF4B-00C04F79EFBC}") = "AuthServer.API", "AuthServer.API\AuthServer.API.csproj", "{40B5EF45-6117-4AF7-9B11-447956E0D52C}"
EndProject
Global
	GlobalSection(SolutionConfigurationPlatforms) = preSolution
		Debug|Any CPU = Debug|Any CPU
		Release|Any CPU = Release|Any CPU
	EndGlobalSection
	GlobalSection(ProjectConfigurationPlatforms) = postSolution
		{40B5EF45-6117-4AF7-9B11-447956E0D52C}.Debug|Any CPU.ActiveCfg = Debug|Any CPU
		{40B5EF45-6117-4AF7-9B11-447956E0D52C}.Debug|Any CPU.Build.0 = Debug|Any CPU
		{40B5EF45-6117-4AF7-9B11-447956E0D52C}.Release|Any CPU.ActiveCfg = Release|Any CPU
		{40B5EF45-6117-4AF7-9B11-447956E0D52C}.Release|Any CPU.Build.0 = Release|Any CPU
	EndGlobalSection
	GlobalSection(SolutionProperties) = preSolution
		HideSolutionNode = FALSE
	EndGlobalSection
	GlobalSection(ExtensibilityGlobals) = postSolution
		SolutionGuid = {1F5DA918-4F29-4939-B1AE-5D4EB0136149}
	EndGlobalSection
EndGlobal
